// !$*UTF8*$!
{
	archiveVersion = 1;
	classes = {
	};
	objectVersion = 56;
	objects = {

/* Begin PBXBuildFile section */
		603A463B2ACF1C8A00D34F99 /* UserDefaultsManager.swift in Sources */ = {isa = PBXBuildFile; fileRef = 603A463A2ACF1C8A00D34F99 /* UserDefaultsManager.swift */; };
		603A46422ACF20DE00D34F99 /* UserDefaultsKey.swift in Sources */ = {isa = PBXBuildFile; fileRef = 603A46412ACF20DE00D34F99 /* UserDefaultsKey.swift */; };
		60626B6F2AD03CDA00A3ABF1 /* ExchangeRateService.swift in Sources */ = {isa = PBXBuildFile; fileRef = 60626B6E2AD03CDA00A3ABF1 /* ExchangeRateService.swift */; };
		60626B722AD03D1C00A3ABF1 /* ExchangeRateEndpoint.swift in Sources */ = {isa = PBXBuildFile; fileRef = 60626B712AD03D1C00A3ABF1 /* ExchangeRateEndpoint.swift */; };
		60626B782AD041AF00A3ABF1 /* Constant.swift in Sources */ = {isa = PBXBuildFile; fileRef = 60626B772AD041AF00A3ABF1 /* Constant.swift */; };
		60626B7B2AD049BF00A3ABF1 /* RatesResponseModel.swift in Sources */ = {isa = PBXBuildFile; fileRef = 60626B7A2AD049BF00A3ABF1 /* RatesResponseModel.swift */; };
		60626B812AD04ADB00A3ABF1 /* UsageResponseModel.swift in Sources */ = {isa = PBXBuildFile; fileRef = 60626B802AD04ADB00A3ABF1 /* UsageResponseModel.swift */; };
		60626B822AD0523900A3ABF1 /* CurrencyPersistenceManager.swift in Sources */ = {isa = PBXBuildFile; fileRef = 603A46362ACF1BFD00D34F99 /* CurrencyPersistenceManager.swift */; };
		60626B872AD0564000A3ABF1 /* CurrencyRateModel.swift in Sources */ = {isa = PBXBuildFile; fileRef = 60626B862AD0564000A3ABF1 /* CurrencyRateModel.swift */; };
		60626B8E2AD0627C00A3ABF1 /* Date+Extension.swift in Sources */ = {isa = PBXBuildFile; fileRef = 60626B8D2AD0627C00A3ABF1 /* Date+Extension.swift */; };
		60CCA8F32AD15A9C000DD946 /* CurrencyValueModel.swift in Sources */ = {isa = PBXBuildFile; fileRef = 60CCA8F22AD15A9C000DD946 /* CurrencyValueModel.swift */; };
		60CCA8F72AD15DDB000DD946 /* Color+Extension.swift in Sources */ = {isa = PBXBuildFile; fileRef = 60CCA8F62AD15DDB000DD946 /* Color+Extension.swift */; };
		60CCA8F92AD18B3F000DD946 /* CurrencyTextfieldView.swift in Sources */ = {isa = PBXBuildFile; fileRef = 60CCA8F82AD18B3F000DD946 /* CurrencyTextfieldView.swift */; };
		60CCA8FB2AD195D2000DD946 /* TextfieldObserver.swift in Sources */ = {isa = PBXBuildFile; fileRef = 60CCA8FA2AD195D2000DD946 /* TextfieldObserver.swift */; };
		60CCA8FD2AD1AF8C000DD946 /* CurrencyItemView.swift in Sources */ = {isa = PBXBuildFile; fileRef = 60CCA8FC2AD1AF8C000DD946 /* CurrencyItemView.swift */; };
		60CCA9002AD1BE77000DD946 /* RefreshableScrollView.swift in Sources */ = {isa = PBXBuildFile; fileRef = 60CCA8FF2AD1BE77000DD946 /* RefreshableScrollView.swift */; };
		60CCA9062AD2785D000DD946 /* DateExtensionTests.swift in Sources */ = {isa = PBXBuildFile; fileRef = 60CCA9052AD2785D000DD946 /* DateExtensionTests.swift */; };
		60CCA90A2AD28010000DD946 /* NumericExtensionTests.swift in Sources */ = {isa = PBXBuildFile; fileRef = 60CCA9092AD28010000DD946 /* NumericExtensionTests.swift */; };
		60CCA9152AD289A1000DD946 /* TestNetworkEndpoint.swift in Sources */ = {isa = PBXBuildFile; fileRef = 60CCA9142AD289A1000DD946 /* TestNetworkEndpoint.swift */; };
		60CCA91D2AD28C6D000DD946 /* NetworkManagerTests.swift in Sources */ = {isa = PBXBuildFile; fileRef = 60CCA91C2AD28C6D000DD946 /* NetworkManagerTests.swift */; };
		60CCA9202AD28F99000DD946 /* MockURLProtocol.swift in Sources */ = {isa = PBXBuildFile; fileRef = 60CCA91F2AD28F99000DD946 /* MockURLProtocol.swift */; };
		60CCA9222AD29515000DD946 /* NetworkEndpointTests.swift in Sources */ = {isa = PBXBuildFile; fileRef = 60CCA9212AD29515000DD946 /* NetworkEndpointTests.swift */; };
		60CCA9242AD29974000DD946 /* NetworkErrorTests.swift in Sources */ = {isa = PBXBuildFile; fileRef = 60CCA9232AD29974000DD946 /* NetworkErrorTests.swift */; };
		60CCA9272AD29B23000DD946 /* CurrencyPersitenceManagerTests.swift in Sources */ = {isa = PBXBuildFile; fileRef = 60CCA9262AD29B23000DD946 /* CurrencyPersitenceManagerTests.swift */; };
		60CCA92C2AD2A4EE000DD946 /* UserDefaultsManagerTests.swift in Sources */ = {isa = PBXBuildFile; fileRef = 60CCA92B2AD2A4EE000DD946 /* UserDefaultsManagerTests.swift */; };
		60CCA92F2AD2A51C000DD946 /* TestUserDefaultKey.swift in Sources */ = {isa = PBXBuildFile; fileRef = 60CCA92E2AD2A51C000DD946 /* TestUserDefaultKey.swift */; };
		60D4CE1B2AD12E4E0036B4CB /* DashboardView.swift in Sources */ = {isa = PBXBuildFile; fileRef = 60D4CE1A2AD12E4E0036B4CB /* DashboardView.swift */; };
		60D4CE1D2AD12F280036B4CB /* CurrencyExchangeView.swift in Sources */ = {isa = PBXBuildFile; fileRef = 60D4CE1C2AD12F280036B4CB /* CurrencyExchangeView.swift */; };
		60D4CE1F2AD132320036B4CB /* CustomExchangeShape.swift in Sources */ = {isa = PBXBuildFile; fileRef = 60D4CE1E2AD132320036B4CB /* CustomExchangeShape.swift */; };
		60D4CE212AD13DA10036B4CB /* DashboardViewModel.swift in Sources */ = {isa = PBXBuildFile; fileRef = 60D4CE202AD13DA10036B4CB /* DashboardViewModel.swift */; };
		60D4CE232AD1409D0036B4CB /* String+Extension.swift in Sources */ = {isa = PBXBuildFile; fileRef = 60D4CE222AD1409D0036B4CB /* String+Extension.swift */; };
		60D4CE252AD142100036B4CB /* Formatter+Extension.swift in Sources */ = {isa = PBXBuildFile; fileRef = 60D4CE242AD142100036B4CB /* Formatter+Extension.swift */; };
		60D4CE272AD1422D0036B4CB /* Numeric+Extension.swift in Sources */ = {isa = PBXBuildFile; fileRef = 60D4CE262AD1422D0036B4CB /* Numeric+Extension.swift */; };
		60D4CE292AD147440036B4CB /* DropdownView.swift in Sources */ = {isa = PBXBuildFile; fileRef = 60D4CE282AD147440036B4CB /* DropdownView.swift */; };
		60D4CE2F2AD1521C0036B4CB /* ViewModifier+Extension.swift in Sources */ = {isa = PBXBuildFile; fileRef = 60D4CE2E2AD1521C0036B4CB /* ViewModifier+Extension.swift */; };
		60D4CE312AD152930036B4CB /* View+Extension.swift in Sources */ = {isa = PBXBuildFile; fileRef = 60D4CE302AD152930036B4CB /* View+Extension.swift */; };
		60D4CE342AD152DB0036B4CB /* DismissKeyboardViewModifier.swift in Sources */ = {isa = PBXBuildFile; fileRef = 60D4CE332AD152DB0036B4CB /* DismissKeyboardViewModifier.swift */; };
		60D67D642ACD9B5F00EA7082 /* XChangeApp.swift in Sources */ = {isa = PBXBuildFile; fileRef = 60D67D632ACD9B5F00EA7082 /* XChangeApp.swift */; };
		60D67D682ACD9B6100EA7082 /* Assets.xcassets in Resources */ = {isa = PBXBuildFile; fileRef = 60D67D672ACD9B6100EA7082 /* Assets.xcassets */; };
		60D67D6B2ACD9B6100EA7082 /* Preview Assets.xcassets in Resources */ = {isa = PBXBuildFile; fileRef = 60D67D6A2ACD9B6100EA7082 /* Preview Assets.xcassets */; };
		60D67D6D2ACD9B6100EA7082 /* Persistence.swift in Sources */ = {isa = PBXBuildFile; fileRef = 60D67D6C2ACD9B6100EA7082 /* Persistence.swift */; };
		60D67D702ACD9B6100EA7082 /* XChange.xcdatamodeld in Sources */ = {isa = PBXBuildFile; fileRef = 60D67D6E2ACD9B6100EA7082 /* XChange.xcdatamodeld */; };
		60D67D7A2ACD9B6100EA7082 /* XChangeTests.swift in Sources */ = {isa = PBXBuildFile; fileRef = 60D67D792ACD9B6100EA7082 /* XChangeTests.swift */; };
		60D67D842ACD9B6100EA7082 /* XChangeUITests.swift in Sources */ = {isa = PBXBuildFile; fileRef = 60D67D832ACD9B6100EA7082 /* XChangeUITests.swift */; };
		60D67D862ACD9B6100EA7082 /* XChangeUITestsLaunchTests.swift in Sources */ = {isa = PBXBuildFile; fileRef = 60D67D852ACD9B6100EA7082 /* XChangeUITestsLaunchTests.swift */; };
		60D67DA62ACDA0A100EA7082 /* MainAppView.swift in Sources */ = {isa = PBXBuildFile; fileRef = 60D67DA52ACDA0A100EA7082 /* MainAppView.swift */; };
		60D67DAB2ACDA31A00EA7082 /* NetworkManager.swift in Sources */ = {isa = PBXBuildFile; fileRef = 60D67DAA2ACDA31A00EA7082 /* NetworkManager.swift */; };
		60D67DAF2ACDA3B900EA7082 /* NetworkEndpoint.swift in Sources */ = {isa = PBXBuildFile; fileRef = 60D67DAE2ACDA3B900EA7082 /* NetworkEndpoint.swift */; };
		60D67DB12ACDA4E300EA7082 /* NetworkError.swift in Sources */ = {isa = PBXBuildFile; fileRef = 60D67DB02ACDA4E300EA7082 /* NetworkError.swift */; };
		60D67DB52ACDB75C00EA7082 /* GeneralErrorModel.swift in Sources */ = {isa = PBXBuildFile; fileRef = 60D67DB42ACDB75C00EA7082 /* GeneralErrorModel.swift */; };
/* End PBXBuildFile section */

/* Begin PBXContainerItemProxy section */
		60D67D762ACD9B6100EA7082 /* PBXContainerItemProxy */ = {
			isa = PBXContainerItemProxy;
			containerPortal = 60D67D582ACD9B5F00EA7082 /* Project object */;
			proxyType = 1;
			remoteGlobalIDString = 60D67D5F2ACD9B5F00EA7082;
			remoteInfo = XChange;
		};
		60D67D802ACD9B6100EA7082 /* PBXContainerItemProxy */ = {
			isa = PBXContainerItemProxy;
			containerPortal = 60D67D582ACD9B5F00EA7082 /* Project object */;
			proxyType = 1;
			remoteGlobalIDString = 60D67D5F2ACD9B5F00EA7082;
			remoteInfo = XChange;
		};
/* End PBXContainerItemProxy section */

/* Begin PBXFileReference section */
		603A46362ACF1BFD00D34F99 /* CurrencyPersistenceManager.swift */ = {isa = PBXFileReference; lastKnownFileType = sourcecode.swift; path = CurrencyPersistenceManager.swift; sourceTree = "<group>"; };
		603A463A2ACF1C8A00D34F99 /* UserDefaultsManager.swift */ = {isa = PBXFileReference; lastKnownFileType = sourcecode.swift; path = UserDefaultsManager.swift; sourceTree = "<group>"; };
		603A46412ACF20DE00D34F99 /* UserDefaultsKey.swift */ = {isa = PBXFileReference; lastKnownFileType = sourcecode.swift; path = UserDefaultsKey.swift; sourceTree = "<group>"; };
		60626B6E2AD03CDA00A3ABF1 /* ExchangeRateService.swift */ = {isa = PBXFileReference; lastKnownFileType = sourcecode.swift; path = ExchangeRateService.swift; sourceTree = "<group>"; };
		60626B712AD03D1C00A3ABF1 /* ExchangeRateEndpoint.swift */ = {isa = PBXFileReference; lastKnownFileType = sourcecode.swift; path = ExchangeRateEndpoint.swift; sourceTree = "<group>"; };
		60626B772AD041AF00A3ABF1 /* Constant.swift */ = {isa = PBXFileReference; lastKnownFileType = sourcecode.swift; path = Constant.swift; sourceTree = "<group>"; };
		60626B792AD0457D00A3ABF1 /* Info.plist */ = {isa = PBXFileReference; lastKnownFileType = text.plist.xml; path = Info.plist; sourceTree = "<group>"; };
		60626B7A2AD049BF00A3ABF1 /* RatesResponseModel.swift */ = {isa = PBXFileReference; lastKnownFileType = sourcecode.swift; path = RatesResponseModel.swift; sourceTree = "<group>"; };
		60626B802AD04ADB00A3ABF1 /* UsageResponseModel.swift */ = {isa = PBXFileReference; lastKnownFileType = sourcecode.swift; path = UsageResponseModel.swift; sourceTree = "<group>"; };
		60626B862AD0564000A3ABF1 /* CurrencyRateModel.swift */ = {isa = PBXFileReference; lastKnownFileType = sourcecode.swift; path = CurrencyRateModel.swift; sourceTree = "<group>"; };
		60626B8D2AD0627C00A3ABF1 /* Date+Extension.swift */ = {isa = PBXFileReference; lastKnownFileType = sourcecode.swift; path = "Date+Extension.swift"; sourceTree = "<group>"; };
		60CCA8F22AD15A9C000DD946 /* CurrencyValueModel.swift */ = {isa = PBXFileReference; lastKnownFileType = sourcecode.swift; path = CurrencyValueModel.swift; sourceTree = "<group>"; };
		60CCA8F62AD15DDB000DD946 /* Color+Extension.swift */ = {isa = PBXFileReference; lastKnownFileType = sourcecode.swift; path = "Color+Extension.swift"; sourceTree = "<group>"; };
		60CCA8F82AD18B3F000DD946 /* CurrencyTextfieldView.swift */ = {isa = PBXFileReference; lastKnownFileType = sourcecode.swift; path = CurrencyTextfieldView.swift; sourceTree = "<group>"; };
		60CCA8FA2AD195D2000DD946 /* TextfieldObserver.swift */ = {isa = PBXFileReference; lastKnownFileType = sourcecode.swift; path = TextfieldObserver.swift; sourceTree = "<group>"; };
		60CCA8FC2AD1AF8C000DD946 /* CurrencyItemView.swift */ = {isa = PBXFileReference; lastKnownFileType = sourcecode.swift; path = CurrencyItemView.swift; sourceTree = "<group>"; };
		60CCA8FF2AD1BE77000DD946 /* RefreshableScrollView.swift */ = {isa = PBXFileReference; lastKnownFileType = sourcecode.swift; path = RefreshableScrollView.swift; sourceTree = "<group>"; };
		60CCA9052AD2785D000DD946 /* DateExtensionTests.swift */ = {isa = PBXFileReference; lastKnownFileType = sourcecode.swift; path = DateExtensionTests.swift; sourceTree = "<group>"; };
		60CCA9092AD28010000DD946 /* NumericExtensionTests.swift */ = {isa = PBXFileReference; lastKnownFileType = sourcecode.swift; path = NumericExtensionTests.swift; sourceTree = "<group>"; };
		60CCA9142AD289A1000DD946 /* TestNetworkEndpoint.swift */ = {isa = PBXFileReference; lastKnownFileType = sourcecode.swift; path = TestNetworkEndpoint.swift; sourceTree = "<group>"; };
		60CCA91C2AD28C6D000DD946 /* NetworkManagerTests.swift */ = {isa = PBXFileReference; lastKnownFileType = sourcecode.swift; path = NetworkManagerTests.swift; sourceTree = "<group>"; };
		60CCA91F2AD28F99000DD946 /* MockURLProtocol.swift */ = {isa = PBXFileReference; lastKnownFileType = sourcecode.swift; path = MockURLProtocol.swift; sourceTree = "<group>"; };
		60CCA9212AD29515000DD946 /* NetworkEndpointTests.swift */ = {isa = PBXFileReference; lastKnownFileType = sourcecode.swift; path = NetworkEndpointTests.swift; sourceTree = "<group>"; };
		60CCA9232AD29974000DD946 /* NetworkErrorTests.swift */ = {isa = PBXFileReference; lastKnownFileType = sourcecode.swift; path = NetworkErrorTests.swift; sourceTree = "<group>"; };
		60CCA9262AD29B23000DD946 /* CurrencyPersitenceManagerTests.swift */ = {isa = PBXFileReference; lastKnownFileType = sourcecode.swift; path = CurrencyPersitenceManagerTests.swift; sourceTree = "<group>"; };
		60CCA92B2AD2A4EE000DD946 /* UserDefaultsManagerTests.swift */ = {isa = PBXFileReference; lastKnownFileType = sourcecode.swift; path = UserDefaultsManagerTests.swift; sourceTree = "<group>"; };
		60CCA92E2AD2A51C000DD946 /* TestUserDefaultKey.swift */ = {isa = PBXFileReference; lastKnownFileType = sourcecode.swift; path = TestUserDefaultKey.swift; sourceTree = "<group>"; };
		60D4CE1A2AD12E4E0036B4CB /* DashboardView.swift */ = {isa = PBXFileReference; lastKnownFileType = sourcecode.swift; path = DashboardView.swift; sourceTree = "<group>"; };
		60D4CE1C2AD12F280036B4CB /* CurrencyExchangeView.swift */ = {isa = PBXFileReference; lastKnownFileType = sourcecode.swift; path = CurrencyExchangeView.swift; sourceTree = "<group>"; };
		60D4CE1E2AD132320036B4CB /* CustomExchangeShape.swift */ = {isa = PBXFileReference; lastKnownFileType = sourcecode.swift; path = CustomExchangeShape.swift; sourceTree = "<group>"; };
		60D4CE202AD13DA10036B4CB /* DashboardViewModel.swift */ = {isa = PBXFileReference; lastKnownFileType = sourcecode.swift; path = DashboardViewModel.swift; sourceTree = "<group>"; };
		60D4CE222AD1409D0036B4CB /* String+Extension.swift */ = {isa = PBXFileReference; lastKnownFileType = sourcecode.swift; path = "String+Extension.swift"; sourceTree = "<group>"; };
		60D4CE242AD142100036B4CB /* Formatter+Extension.swift */ = {isa = PBXFileReference; lastKnownFileType = sourcecode.swift; path = "Formatter+Extension.swift"; sourceTree = "<group>"; };
		60D4CE262AD1422D0036B4CB /* Numeric+Extension.swift */ = {isa = PBXFileReference; lastKnownFileType = sourcecode.swift; path = "Numeric+Extension.swift"; sourceTree = "<group>"; };
		60D4CE282AD147440036B4CB /* DropdownView.swift */ = {isa = PBXFileReference; lastKnownFileType = sourcecode.swift; path = DropdownView.swift; sourceTree = "<group>"; };
		60D4CE2E2AD1521C0036B4CB /* ViewModifier+Extension.swift */ = {isa = PBXFileReference; lastKnownFileType = sourcecode.swift; path = "ViewModifier+Extension.swift"; sourceTree = "<group>"; };
		60D4CE302AD152930036B4CB /* View+Extension.swift */ = {isa = PBXFileReference; lastKnownFileType = sourcecode.swift; path = "View+Extension.swift"; sourceTree = "<group>"; };
		60D4CE332AD152DB0036B4CB /* DismissKeyboardViewModifier.swift */ = {isa = PBXFileReference; lastKnownFileType = sourcecode.swift; path = DismissKeyboardViewModifier.swift; sourceTree = "<group>"; };
		60D67D602ACD9B5F00EA7082 /* XChange.app */ = {isa = PBXFileReference; explicitFileType = wrapper.application; includeInIndex = 0; path = XChange.app; sourceTree = BUILT_PRODUCTS_DIR; };
		60D67D632ACD9B5F00EA7082 /* XChangeApp.swift */ = {isa = PBXFileReference; lastKnownFileType = sourcecode.swift; path = XChangeApp.swift; sourceTree = "<group>"; };
		60D67D672ACD9B6100EA7082 /* Assets.xcassets */ = {isa = PBXFileReference; lastKnownFileType = folder.assetcatalog; path = Assets.xcassets; sourceTree = "<group>"; };
		60D67D6A2ACD9B6100EA7082 /* Preview Assets.xcassets */ = {isa = PBXFileReference; lastKnownFileType = folder.assetcatalog; path = "Preview Assets.xcassets"; sourceTree = "<group>"; };
		60D67D6C2ACD9B6100EA7082 /* Persistence.swift */ = {isa = PBXFileReference; lastKnownFileType = sourcecode.swift; path = Persistence.swift; sourceTree = "<group>"; };
		60D67D6F2ACD9B6100EA7082 /* XChange.xcdatamodel */ = {isa = PBXFileReference; lastKnownFileType = wrapper.xcdatamodel; path = XChange.xcdatamodel; sourceTree = "<group>"; };
		60D67D752ACD9B6100EA7082 /* XChangeTests.xctest */ = {isa = PBXFileReference; explicitFileType = wrapper.cfbundle; includeInIndex = 0; path = XChangeTests.xctest; sourceTree = BUILT_PRODUCTS_DIR; };
		60D67D792ACD9B6100EA7082 /* XChangeTests.swift */ = {isa = PBXFileReference; lastKnownFileType = sourcecode.swift; path = XChangeTests.swift; sourceTree = "<group>"; };
		60D67D7F2ACD9B6100EA7082 /* XChangeUITests.xctest */ = {isa = PBXFileReference; explicitFileType = wrapper.cfbundle; includeInIndex = 0; path = XChangeUITests.xctest; sourceTree = BUILT_PRODUCTS_DIR; };
		60D67D832ACD9B6100EA7082 /* XChangeUITests.swift */ = {isa = PBXFileReference; lastKnownFileType = sourcecode.swift; path = XChangeUITests.swift; sourceTree = "<group>"; };
		60D67D852ACD9B6100EA7082 /* XChangeUITestsLaunchTests.swift */ = {isa = PBXFileReference; lastKnownFileType = sourcecode.swift; path = XChangeUITestsLaunchTests.swift; sourceTree = "<group>"; };
		60D67DA52ACDA0A100EA7082 /* MainAppView.swift */ = {isa = PBXFileReference; lastKnownFileType = sourcecode.swift; path = MainAppView.swift; sourceTree = "<group>"; };
		60D67DAA2ACDA31A00EA7082 /* NetworkManager.swift */ = {isa = PBXFileReference; lastKnownFileType = sourcecode.swift; path = NetworkManager.swift; sourceTree = "<group>"; };
		60D67DAE2ACDA3B900EA7082 /* NetworkEndpoint.swift */ = {isa = PBXFileReference; lastKnownFileType = sourcecode.swift; path = NetworkEndpoint.swift; sourceTree = "<group>"; };
		60D67DB02ACDA4E300EA7082 /* NetworkError.swift */ = {isa = PBXFileReference; lastKnownFileType = sourcecode.swift; path = NetworkError.swift; sourceTree = "<group>"; };
		60D67DB42ACDB75C00EA7082 /* GeneralErrorModel.swift */ = {isa = PBXFileReference; lastKnownFileType = sourcecode.swift; path = GeneralErrorModel.swift; sourceTree = "<group>"; };
/* End PBXFileReference section */

/* Begin PBXFrameworksBuildPhase section */
		60D67D5D2ACD9B5F00EA7082 /* Frameworks */ = {
			isa = PBXFrameworksBuildPhase;
			buildActionMask = 2147483647;
			files = (
			);
			runOnlyForDeploymentPostprocessing = 0;
		};
		60D67D722ACD9B6100EA7082 /* Frameworks */ = {
			isa = PBXFrameworksBuildPhase;
			buildActionMask = 2147483647;
			files = (
			);
			runOnlyForDeploymentPostprocessing = 0;
		};
		60D67D7C2ACD9B6100EA7082 /* Frameworks */ = {
			isa = PBXFrameworksBuildPhase;
			buildActionMask = 2147483647;
			files = (
			);
			runOnlyForDeploymentPostprocessing = 0;
		};
/* End PBXFrameworksBuildPhase section */

/* Begin PBXGroup section */
		603A46352ACF1BF800D34F99 /* CoreData */ = {
			isa = PBXGroup;
			children = (
				603A46362ACF1BFD00D34F99 /* CurrencyPersistenceManager.swift */,
				60D67D6C2ACD9B6100EA7082 /* Persistence.swift */,
				60D67D6E2ACD9B6100EA7082 /* XChange.xcdatamodeld */,
			);
			path = CoreData;
			sourceTree = "<group>";
		};
		603A46392ACF1C1C00D34F99 /* User Defaults */ = {
			isa = PBXGroup;
			children = (
				603A46412ACF20DE00D34F99 /* UserDefaultsKey.swift */,
				603A463A2ACF1C8A00D34F99 /* UserDefaultsManager.swift */,
			);
			path = "User Defaults";
			sourceTree = "<group>";
		};
		60626B6D2AD03CC000A3ABF1 /* Service */ = {
			isa = PBXGroup;
			children = (
				60626B702AD03D0B00A3ABF1 /* ExchangeRate */,
			);
			path = Service;
			sourceTree = "<group>";
		};
		60626B702AD03D0B00A3ABF1 /* ExchangeRate */ = {
			isa = PBXGroup;
			children = (
				60626B712AD03D1C00A3ABF1 /* ExchangeRateEndpoint.swift */,
				60626B6E2AD03CDA00A3ABF1 /* ExchangeRateService.swift */,
				60626B732AD03F8300A3ABF1 /* Model */,
			);
			path = ExchangeRate;
			sourceTree = "<group>";
		};
		60626B732AD03F8300A3ABF1 /* Model */ = {
			isa = PBXGroup;
			children = (
				60626B7A2AD049BF00A3ABF1 /* RatesResponseModel.swift */,
				60626B802AD04ADB00A3ABF1 /* UsageResponseModel.swift */,
			);
			path = Model;
			sourceTree = "<group>";
		};
		60626B762AD041A500A3ABF1 /* Helper */ = {
			isa = PBXGroup;
			children = (
				60626B772AD041AF00A3ABF1 /* Constant.swift */,
				60626B8A2AD060E500A3ABF1 /* Extension */,
				60CCA8FF2AD1BE77000DD946 /* RefreshableScrollView.swift */,
				60CCA8FA2AD195D2000DD946 /* TextfieldObserver.swift */,
				60D4CE322AD152B40036B4CB /* View Modifier */,
			);
			path = Helper;
			sourceTree = "<group>";
		};
		60626B8A2AD060E500A3ABF1 /* Extension */ = {
			isa = PBXGroup;
			children = (
				60CCA8F62AD15DDB000DD946 /* Color+Extension.swift */,
				60626B8D2AD0627C00A3ABF1 /* Date+Extension.swift */,
				60D4CE242AD142100036B4CB /* Formatter+Extension.swift */,
				60D4CE262AD1422D0036B4CB /* Numeric+Extension.swift */,
				60D4CE222AD1409D0036B4CB /* String+Extension.swift */,
				60D4CE302AD152930036B4CB /* View+Extension.swift */,
				60D4CE2E2AD1521C0036B4CB /* ViewModifier+Extension.swift */,
			);
			path = Extension;
			sourceTree = "<group>";
		};
		60626B8F2AD068A100A3ABF1 /* Model */ = {
			isa = PBXGroup;
			children = (
				60626B862AD0564000A3ABF1 /* CurrencyRateModel.swift */,
			);
			path = Model;
			sourceTree = "<group>";
		};
		60CCA8F12AD15A77000DD946 /* Model */ = {
			isa = PBXGroup;
			children = (
				60CCA8F22AD15A9C000DD946 /* CurrencyValueModel.swift */,
			);
			path = Model;
			sourceTree = "<group>";
		};
		60CCA9012AD277D8000DD946 /* Network */ = {
			isa = PBXGroup;
			children = (
				60CCA90D2AD2888D000DD946 /* Mock */,
				60CCA91C2AD28C6D000DD946 /* NetworkManagerTests.swift */,
				60CCA9212AD29515000DD946 /* NetworkEndpointTests.swift */,
				60CCA9232AD29974000DD946 /* NetworkErrorTests.swift */,
			);
			path = Network;
			sourceTree = "<group>";
		};
		60CCA9022AD277F0000DD946 /* Extension */ = {
			isa = PBXGroup;
			children = (
				60CCA9052AD2785D000DD946 /* DateExtensionTests.swift */,
				60CCA9092AD28010000DD946 /* NumericExtensionTests.swift */,
			);
			path = Extension;
			sourceTree = "<group>";
		};
		60CCA90D2AD2888D000DD946 /* Mock */ = {
			isa = PBXGroup;
			children = (
				60CCA9142AD289A1000DD946 /* TestNetworkEndpoint.swift */,
				60CCA91F2AD28F99000DD946 /* MockURLProtocol.swift */,
			);
			path = Mock;
			sourceTree = "<group>";
		};
		60CCA9252AD29AE0000DD946 /* Persistence */ = {
			isa = PBXGroup;
			children = (
				60CCA92D2AD2A511000DD946 /* Mock */,
				60CCA9262AD29B23000DD946 /* CurrencyPersitenceManagerTests.swift */,
				60CCA92B2AD2A4EE000DD946 /* UserDefaultsManagerTests.swift */,
			);
			path = Persistence;
			sourceTree = "<group>";
		};
		60CCA92D2AD2A511000DD946 /* Mock */ = {
			isa = PBXGroup;
			children = (
				60CCA92E2AD2A51C000DD946 /* TestUserDefaultKey.swift */,
			);
			path = Mock;
			sourceTree = "<group>";
		};
		60D4CE132AD12D980036B4CB /* Dashboard */ = {
			isa = PBXGroup;
			children = (
				60CCA8F12AD15A77000DD946 /* Model */,
				60D4CE142AD12DB60036B4CB /* View */,
				60D4CE152AD12DBC0036B4CB /* View Model */,
			);
			path = Dashboard;
			sourceTree = "<group>";
		};
		60D4CE142AD12DB60036B4CB /* View */ = {
			isa = PBXGroup;
			children = (
				60D4CE172AD12DDC0036B4CB /* Component */,
				60D4CE1A2AD12E4E0036B4CB /* DashboardView.swift */,
			);
			path = View;
			sourceTree = "<group>";
		};
		60D4CE152AD12DBC0036B4CB /* View Model */ = {
			isa = PBXGroup;
			children = (
				60D4CE202AD13DA10036B4CB /* DashboardViewModel.swift */,
			);
			path = "View Model";
			sourceTree = "<group>";
		};
		60D4CE172AD12DDC0036B4CB /* Component */ = {
			isa = PBXGroup;
			children = (
				60D4CE1C2AD12F280036B4CB /* CurrencyExchangeView.swift */,
				60CCA8FC2AD1AF8C000DD946 /* CurrencyItemView.swift */,
				60CCA8F82AD18B3F000DD946 /* CurrencyTextfieldView.swift */,
				60D4CE1E2AD132320036B4CB /* CustomExchangeShape.swift */,
				60D4CE282AD147440036B4CB /* DropdownView.swift */,
			);
			path = Component;
			sourceTree = "<group>";
		};
		60D4CE322AD152B40036B4CB /* View Modifier */ = {
			isa = PBXGroup;
			children = (
				60D4CE332AD152DB0036B4CB /* DismissKeyboardViewModifier.swift */,
			);
			path = "View Modifier";
			sourceTree = "<group>";
		};
		60D67D572ACD9B5F00EA7082 = {
			isa = PBXGroup;
			children = (
				60D67D622ACD9B5F00EA7082 /* XChange */,
				60D67D782ACD9B6100EA7082 /* XChangeTests */,
				60D67D822ACD9B6100EA7082 /* XChangeUITests */,
				60D67D612ACD9B5F00EA7082 /* Products */,
			);
			sourceTree = "<group>";
		};
		60D67D612ACD9B5F00EA7082 /* Products */ = {
			isa = PBXGroup;
			children = (
				60D67D602ACD9B5F00EA7082 /* XChange.app */,
				60D67D752ACD9B6100EA7082 /* XChangeTests.xctest */,
				60D67D7F2ACD9B6100EA7082 /* XChangeUITests.xctest */,
			);
			name = Products;
			sourceTree = "<group>";
		};
		60D67D622ACD9B5F00EA7082 /* XChange */ = {
			isa = PBXGroup;
			children = (
				60D67DA02ACDA04100EA7082 /* App */,
				60D67DA12ACDA04C00EA7082 /* Domain */,
				60626B762AD041A500A3ABF1 /* Helper */,
				60626B792AD0457D00A3ABF1 /* Info.plist */,
				60D67DA32ACDA07800EA7082 /* Manager */,
				60626B8F2AD068A100A3ABF1 /* Model */,
				60D67D692ACD9B6100EA7082 /* Preview Content */,
				60D67DA22ACDA06E00EA7082 /* Resource */,
				60626B6D2AD03CC000A3ABF1 /* Service */,
			);
			path = XChange;
			sourceTree = "<group>";
		};
		60D67D692ACD9B6100EA7082 /* Preview Content */ = {
			isa = PBXGroup;
			children = (
				60D67D6A2ACD9B6100EA7082 /* Preview Assets.xcassets */,
			);
			path = "Preview Content";
			sourceTree = "<group>";
		};
		60D67D782ACD9B6100EA7082 /* XChangeTests */ = {
			isa = PBXGroup;
			children = (
				60CCA9022AD277F0000DD946 /* Extension */,
				60CCA9012AD277D8000DD946 /* Network */,
				60CCA9252AD29AE0000DD946 /* Persistence */,
				60D67D792ACD9B6100EA7082 /* XChangeTests.swift */,
			);
			path = XChangeTests;
			sourceTree = "<group>";
		};
		60D67D822ACD9B6100EA7082 /* XChangeUITests */ = {
			isa = PBXGroup;
			children = (
				60D67D832ACD9B6100EA7082 /* XChangeUITests.swift */,
				60D67D852ACD9B6100EA7082 /* XChangeUITestsLaunchTests.swift */,
			);
			path = XChangeUITests;
			sourceTree = "<group>";
		};
		60D67DA02ACDA04100EA7082 /* App */ = {
			isa = PBXGroup;
			children = (
				60D67D632ACD9B5F00EA7082 /* XChangeApp.swift */,
				60D67DA52ACDA0A100EA7082 /* MainAppView.swift */,
			);
			path = App;
			sourceTree = "<group>";
		};
		60D67DA12ACDA04C00EA7082 /* Domain */ = {
			isa = PBXGroup;
			children = (
				60D4CE132AD12D980036B4CB /* Dashboard */,
			);
			path = Domain;
			sourceTree = "<group>";
		};
		60D67DA22ACDA06E00EA7082 /* Resource */ = {
			isa = PBXGroup;
			children = (
				60D67D672ACD9B6100EA7082 /* Assets.xcassets */,
			);
			path = Resource;
			sourceTree = "<group>";
		};
		60D67DA32ACDA07800EA7082 /* Manager */ = {
			isa = PBXGroup;
			children = (
				60D67DA92ACDA30900EA7082 /* Network */,
				60D67DA42ACDA08A00EA7082 /* Persistence */,
			);
			path = Manager;
			sourceTree = "<group>";
		};
		60D67DA42ACDA08A00EA7082 /* Persistence */ = {
			isa = PBXGroup;
			children = (
				603A46352ACF1BF800D34F99 /* CoreData */,
				603A46392ACF1C1C00D34F99 /* User Defaults */,
			);
			path = Persistence;
			sourceTree = "<group>";
		};
		60D67DA92ACDA30900EA7082 /* Network */ = {
			isa = PBXGroup;
			children = (
				60D67DB62ACDB76300EA7082 /* Model */,
				60D67DAE2ACDA3B900EA7082 /* NetworkEndpoint.swift */,
				60D67DB02ACDA4E300EA7082 /* NetworkError.swift */,
				60D67DAA2ACDA31A00EA7082 /* NetworkManager.swift */,
			);
			path = Network;
			sourceTree = "<group>";
		};
		60D67DB62ACDB76300EA7082 /* Model */ = {
			isa = PBXGroup;
			children = (
				60D67DB42ACDB75C00EA7082 /* GeneralErrorModel.swift */,
			);
			path = Model;
			sourceTree = "<group>";
		};
/* End PBXGroup section */

/* Begin PBXNativeTarget section */
		60D67D5F2ACD9B5F00EA7082 /* XChange */ = {
			isa = PBXNativeTarget;
			buildConfigurationList = 60D67D892ACD9B6100EA7082 /* Build configuration list for PBXNativeTarget "XChange" */;
			buildPhases = (
				60D67D5C2ACD9B5F00EA7082 /* Sources */,
				60D67D5D2ACD9B5F00EA7082 /* Frameworks */,
				60D67D5E2ACD9B5F00EA7082 /* Resources */,
			);
			buildRules = (
			);
			dependencies = (
			);
			name = XChange;
			productName = XChange;
			productReference = 60D67D602ACD9B5F00EA7082 /* XChange.app */;
			productType = "com.apple.product-type.application";
		};
		60D67D742ACD9B6100EA7082 /* XChangeTests */ = {
			isa = PBXNativeTarget;
			buildConfigurationList = 60D67D8C2ACD9B6100EA7082 /* Build configuration list for PBXNativeTarget "XChangeTests" */;
			buildPhases = (
				60D67D712ACD9B6100EA7082 /* Sources */,
				60D67D722ACD9B6100EA7082 /* Frameworks */,
				60D67D732ACD9B6100EA7082 /* Resources */,
			);
			buildRules = (
			);
			dependencies = (
				60D67D772ACD9B6100EA7082 /* PBXTargetDependency */,
			);
			name = XChangeTests;
			productName = XChangeTests;
			productReference = 60D67D752ACD9B6100EA7082 /* XChangeTests.xctest */;
			productType = "com.apple.product-type.bundle.unit-test";
		};
		60D67D7E2ACD9B6100EA7082 /* XChangeUITests */ = {
			isa = PBXNativeTarget;
			buildConfigurationList = 60D67D8F2ACD9B6100EA7082 /* Build configuration list for PBXNativeTarget "XChangeUITests" */;
			buildPhases = (
				60D67D7B2ACD9B6100EA7082 /* Sources */,
				60D67D7C2ACD9B6100EA7082 /* Frameworks */,
				60D67D7D2ACD9B6100EA7082 /* Resources */,
			);
			buildRules = (
			);
			dependencies = (
				60D67D812ACD9B6100EA7082 /* PBXTargetDependency */,
			);
			name = XChangeUITests;
			productName = XChangeUITests;
			productReference = 60D67D7F2ACD9B6100EA7082 /* XChangeUITests.xctest */;
			productType = "com.apple.product-type.bundle.ui-testing";
		};
/* End PBXNativeTarget section */

/* Begin PBXProject section */
		60D67D582ACD9B5F00EA7082 /* Project object */ = {
			isa = PBXProject;
			attributes = {
				BuildIndependentTargetsInParallel = 1;
				LastSwiftUpdateCheck = 1410;
				LastUpgradeCheck = 1410;
				TargetAttributes = {
					60D67D5F2ACD9B5F00EA7082 = {
						CreatedOnToolsVersion = 14.1;
					};
					60D67D742ACD9B6100EA7082 = {
						CreatedOnToolsVersion = 14.1;
						TestTargetID = 60D67D5F2ACD9B5F00EA7082;
					};
					60D67D7E2ACD9B6100EA7082 = {
						CreatedOnToolsVersion = 14.1;
						TestTargetID = 60D67D5F2ACD9B5F00EA7082;
					};
				};
			};
			buildConfigurationList = 60D67D5B2ACD9B5F00EA7082 /* Build configuration list for PBXProject "XChange" */;
			compatibilityVersion = "Xcode 14.0";
			developmentRegion = en;
			hasScannedForEncodings = 0;
			knownRegions = (
				en,
				Base,
			);
			mainGroup = 60D67D572ACD9B5F00EA7082;
			productRefGroup = 60D67D612ACD9B5F00EA7082 /* Products */;
			projectDirPath = "";
			projectRoot = "";
			targets = (
				60D67D5F2ACD9B5F00EA7082 /* XChange */,
				60D67D742ACD9B6100EA7082 /* XChangeTests */,
				60D67D7E2ACD9B6100EA7082 /* XChangeUITests */,
			);
		};
/* End PBXProject section */

/* Begin PBXResourcesBuildPhase section */
		60D67D5E2ACD9B5F00EA7082 /* Resources */ = {
			isa = PBXResourcesBuildPhase;
			buildActionMask = 2147483647;
			files = (
				60D67D6B2ACD9B6100EA7082 /* Preview Assets.xcassets in Resources */,
				60D67D682ACD9B6100EA7082 /* Assets.xcassets in Resources */,
			);
			runOnlyForDeploymentPostprocessing = 0;
		};
		60D67D732ACD9B6100EA7082 /* Resources */ = {
			isa = PBXResourcesBuildPhase;
			buildActionMask = 2147483647;
			files = (
			);
			runOnlyForDeploymentPostprocessing = 0;
		};
		60D67D7D2ACD9B6100EA7082 /* Resources */ = {
			isa = PBXResourcesBuildPhase;
			buildActionMask = 2147483647;
			files = (
			);
			runOnlyForDeploymentPostprocessing = 0;
		};
/* End PBXResourcesBuildPhase section */

/* Begin PBXSourcesBuildPhase section */
		60D67D5C2ACD9B5F00EA7082 /* Sources */ = {
			isa = PBXSourcesBuildPhase;
			buildActionMask = 2147483647;
			files = (
				60626B6F2AD03CDA00A3ABF1 /* ExchangeRateService.swift in Sources */,
				60D4CE272AD1422D0036B4CB /* Numeric+Extension.swift in Sources */,
				60626B7B2AD049BF00A3ABF1 /* RatesResponseModel.swift in Sources */,
				60D4CE1D2AD12F280036B4CB /* CurrencyExchangeView.swift in Sources */,
				60626B782AD041AF00A3ABF1 /* Constant.swift in Sources */,
				60CCA8F92AD18B3F000DD946 /* CurrencyTextfieldView.swift in Sources */,
				60D4CE342AD152DB0036B4CB /* DismissKeyboardViewModifier.swift in Sources */,
				60CCA8FB2AD195D2000DD946 /* TextfieldObserver.swift in Sources */,
				60D67D6D2ACD9B6100EA7082 /* Persistence.swift in Sources */,
				603A46422ACF20DE00D34F99 /* UserDefaultsKey.swift in Sources */,
				60D67DB12ACDA4E300EA7082 /* NetworkError.swift in Sources */,
				60626B722AD03D1C00A3ABF1 /* ExchangeRateEndpoint.swift in Sources */,
				60626B812AD04ADB00A3ABF1 /* UsageResponseModel.swift in Sources */,
				60D4CE1B2AD12E4E0036B4CB /* DashboardView.swift in Sources */,
				60D67DA62ACDA0A100EA7082 /* MainAppView.swift in Sources */,
				60D4CE2F2AD1521C0036B4CB /* ViewModifier+Extension.swift in Sources */,
				60D4CE312AD152930036B4CB /* View+Extension.swift in Sources */,
				60D67DB52ACDB75C00EA7082 /* GeneralErrorModel.swift in Sources */,
				60D4CE232AD1409D0036B4CB /* String+Extension.swift in Sources */,
				60CCA9002AD1BE77000DD946 /* RefreshableScrollView.swift in Sources */,
				60D4CE1F2AD132320036B4CB /* CustomExchangeShape.swift in Sources */,
				60D67DAB2ACDA31A00EA7082 /* NetworkManager.swift in Sources */,
				603A463B2ACF1C8A00D34F99 /* UserDefaultsManager.swift in Sources */,
				60D4CE252AD142100036B4CB /* Formatter+Extension.swift in Sources */,
				60D4CE212AD13DA10036B4CB /* DashboardViewModel.swift in Sources */,
				60D4CE292AD147440036B4CB /* DropdownView.swift in Sources */,
				60CCA8F72AD15DDB000DD946 /* Color+Extension.swift in Sources */,
				60626B822AD0523900A3ABF1 /* CurrencyPersistenceManager.swift in Sources */,
				60626B872AD0564000A3ABF1 /* CurrencyRateModel.swift in Sources */,
				60D67D702ACD9B6100EA7082 /* XChange.xcdatamodeld in Sources */,
				60D67D642ACD9B5F00EA7082 /* XChangeApp.swift in Sources */,
				60CCA8FD2AD1AF8C000DD946 /* CurrencyItemView.swift in Sources */,
				60D67DAF2ACDA3B900EA7082 /* NetworkEndpoint.swift in Sources */,
				60CCA8F32AD15A9C000DD946 /* CurrencyValueModel.swift in Sources */,
				60626B8E2AD0627C00A3ABF1 /* Date+Extension.swift in Sources */,
			);
			runOnlyForDeploymentPostprocessing = 0;
		};
		60D67D712ACD9B6100EA7082 /* Sources */ = {
			isa = PBXSourcesBuildPhase;
			buildActionMask = 2147483647;
			files = (
				60CCA92C2AD2A4EE000DD946 /* UserDefaultsManagerTests.swift in Sources */,
				60CCA9272AD29B23000DD946 /* CurrencyPersitenceManagerTests.swift in Sources */,
				60CCA9202AD28F99000DD946 /* MockURLProtocol.swift in Sources */,
				60CCA9242AD29974000DD946 /* NetworkErrorTests.swift in Sources */,
				60CCA9222AD29515000DD946 /* NetworkEndpointTests.swift in Sources */,
				60CCA91D2AD28C6D000DD946 /* NetworkManagerTests.swift in Sources */,
				60D67D7A2ACD9B6100EA7082 /* XChangeTests.swift in Sources */,
				60CCA90A2AD28010000DD946 /* NumericExtensionTests.swift in Sources */,
				60CCA9152AD289A1000DD946 /* TestNetworkEndpoint.swift in Sources */,
				60CCA9062AD2785D000DD946 /* DateExtensionTests.swift in Sources */,
				60CCA92F2AD2A51C000DD946 /* TestUserDefaultKey.swift in Sources */,
			);
			runOnlyForDeploymentPostprocessing = 0;
		};
		60D67D7B2ACD9B6100EA7082 /* Sources */ = {
			isa = PBXSourcesBuildPhase;
			buildActionMask = 2147483647;
			files = (
				60D67D842ACD9B6100EA7082 /* XChangeUITests.swift in Sources */,
				60D67D862ACD9B6100EA7082 /* XChangeUITestsLaunchTests.swift in Sources */,
			);
			runOnlyForDeploymentPostprocessing = 0;
		};
/* End PBXSourcesBuildPhase section */

/* Begin PBXTargetDependency section */
		60D67D772ACD9B6100EA7082 /* PBXTargetDependency */ = {
			isa = PBXTargetDependency;
			target = 60D67D5F2ACD9B5F00EA7082 /* XChange */;
			targetProxy = 60D67D762ACD9B6100EA7082 /* PBXContainerItemProxy */;
		};
		60D67D812ACD9B6100EA7082 /* PBXTargetDependency */ = {
			isa = PBXTargetDependency;
			target = 60D67D5F2ACD9B5F00EA7082 /* XChange */;
			targetProxy = 60D67D802ACD9B6100EA7082 /* PBXContainerItemProxy */;
		};
/* End PBXTargetDependency section */

/* Begin XCBuildConfiguration section */
		60D67D872ACD9B6100EA7082 /* Debug */ = {
			isa = XCBuildConfiguration;
			buildSettings = {
				ALWAYS_SEARCH_USER_PATHS = NO;
				CLANG_ANALYZER_NONNULL = YES;
				CLANG_ANALYZER_NUMBER_OBJECT_CONVERSION = YES_AGGRESSIVE;
				CLANG_CXX_LANGUAGE_STANDARD = "gnu++20";
				CLANG_ENABLE_MODULES = YES;
				CLANG_ENABLE_OBJC_ARC = YES;
				CLANG_ENABLE_OBJC_WEAK = YES;
				CLANG_WARN_BLOCK_CAPTURE_AUTORELEASING = YES;
				CLANG_WARN_BOOL_CONVERSION = YES;
				CLANG_WARN_COMMA = YES;
				CLANG_WARN_CONSTANT_CONVERSION = YES;
				CLANG_WARN_DEPRECATED_OBJC_IMPLEMENTATIONS = YES;
				CLANG_WARN_DIRECT_OBJC_ISA_USAGE = YES_ERROR;
				CLANG_WARN_DOCUMENTATION_COMMENTS = YES;
				CLANG_WARN_EMPTY_BODY = YES;
				CLANG_WARN_ENUM_CONVERSION = YES;
				CLANG_WARN_INFINITE_RECURSION = YES;
				CLANG_WARN_INT_CONVERSION = YES;
				CLANG_WARN_NON_LITERAL_NULL_CONVERSION = YES;
				CLANG_WARN_OBJC_IMPLICIT_RETAIN_SELF = YES;
				CLANG_WARN_OBJC_LITERAL_CONVERSION = YES;
				CLANG_WARN_OBJC_ROOT_CLASS = YES_ERROR;
				CLANG_WARN_QUOTED_INCLUDE_IN_FRAMEWORK_HEADER = YES;
				CLANG_WARN_RANGE_LOOP_ANALYSIS = YES;
				CLANG_WARN_STRICT_PROTOTYPES = YES;
				CLANG_WARN_SUSPICIOUS_MOVE = YES;
				CLANG_WARN_UNGUARDED_AVAILABILITY = YES_AGGRESSIVE;
				CLANG_WARN_UNREACHABLE_CODE = YES;
				CLANG_WARN__DUPLICATE_METHOD_MATCH = YES;
				COPY_PHASE_STRIP = NO;
				DEBUG_INFORMATION_FORMAT = dwarf;
				ENABLE_STRICT_OBJC_MSGSEND = YES;
				ENABLE_TESTABILITY = YES;
				GCC_C_LANGUAGE_STANDARD = gnu11;
				GCC_DYNAMIC_NO_PIC = NO;
				GCC_NO_COMMON_BLOCKS = YES;
				GCC_OPTIMIZATION_LEVEL = 0;
				GCC_PREPROCESSOR_DEFINITIONS = (
					"DEBUG=1",
					"$(inherited)",
				);
				GCC_WARN_64_TO_32_BIT_CONVERSION = YES;
				GCC_WARN_ABOUT_RETURN_TYPE = YES_ERROR;
				GCC_WARN_UNDECLARED_SELECTOR = YES;
				GCC_WARN_UNINITIALIZED_AUTOS = YES_AGGRESSIVE;
				GCC_WARN_UNUSED_FUNCTION = YES;
				GCC_WARN_UNUSED_VARIABLE = YES;
				IPHONEOS_DEPLOYMENT_TARGET = 16.1;
				MTL_ENABLE_DEBUG_INFO = INCLUDE_SOURCE;
				MTL_FAST_MATH = YES;
				ONLY_ACTIVE_ARCH = YES;
				SDKROOT = iphoneos;
				SWIFT_ACTIVE_COMPILATION_CONDITIONS = DEBUG;
				SWIFT_OPTIMIZATION_LEVEL = "-Onone";
			};
			name = Debug;
		};
		60D67D882ACD9B6100EA7082 /* Release */ = {
			isa = XCBuildConfiguration;
			buildSettings = {
				ALWAYS_SEARCH_USER_PATHS = NO;
				CLANG_ANALYZER_NONNULL = YES;
				CLANG_ANALYZER_NUMBER_OBJECT_CONVERSION = YES_AGGRESSIVE;
				CLANG_CXX_LANGUAGE_STANDARD = "gnu++20";
				CLANG_ENABLE_MODULES = YES;
				CLANG_ENABLE_OBJC_ARC = YES;
				CLANG_ENABLE_OBJC_WEAK = YES;
				CLANG_WARN_BLOCK_CAPTURE_AUTORELEASING = YES;
				CLANG_WARN_BOOL_CONVERSION = YES;
				CLANG_WARN_COMMA = YES;
				CLANG_WARN_CONSTANT_CONVERSION = YES;
				CLANG_WARN_DEPRECATED_OBJC_IMPLEMENTATIONS = YES;
				CLANG_WARN_DIRECT_OBJC_ISA_USAGE = YES_ERROR;
				CLANG_WARN_DOCUMENTATION_COMMENTS = YES;
				CLANG_WARN_EMPTY_BODY = YES;
				CLANG_WARN_ENUM_CONVERSION = YES;
				CLANG_WARN_INFINITE_RECURSION = YES;
				CLANG_WARN_INT_CONVERSION = YES;
				CLANG_WARN_NON_LITERAL_NULL_CONVERSION = YES;
				CLANG_WARN_OBJC_IMPLICIT_RETAIN_SELF = YES;
				CLANG_WARN_OBJC_LITERAL_CONVERSION = YES;
				CLANG_WARN_OBJC_ROOT_CLASS = YES_ERROR;
				CLANG_WARN_QUOTED_INCLUDE_IN_FRAMEWORK_HEADER = YES;
				CLANG_WARN_RANGE_LOOP_ANALYSIS = YES;
				CLANG_WARN_STRICT_PROTOTYPES = YES;
				CLANG_WARN_SUSPICIOUS_MOVE = YES;
				CLANG_WARN_UNGUARDED_AVAILABILITY = YES_AGGRESSIVE;
				CLANG_WARN_UNREACHABLE_CODE = YES;
				CLANG_WARN__DUPLICATE_METHOD_MATCH = YES;
				COPY_PHASE_STRIP = NO;
				DEBUG_INFORMATION_FORMAT = "dwarf-with-dsym";
				ENABLE_NS_ASSERTIONS = NO;
				ENABLE_STRICT_OBJC_MSGSEND = YES;
				GCC_C_LANGUAGE_STANDARD = gnu11;
				GCC_NO_COMMON_BLOCKS = YES;
				GCC_WARN_64_TO_32_BIT_CONVERSION = YES;
				GCC_WARN_ABOUT_RETURN_TYPE = YES_ERROR;
				GCC_WARN_UNDECLARED_SELECTOR = YES;
				GCC_WARN_UNINITIALIZED_AUTOS = YES_AGGRESSIVE;
				GCC_WARN_UNUSED_FUNCTION = YES;
				GCC_WARN_UNUSED_VARIABLE = YES;
				IPHONEOS_DEPLOYMENT_TARGET = 16.1;
				MTL_ENABLE_DEBUG_INFO = NO;
				MTL_FAST_MATH = YES;
				SDKROOT = iphoneos;
				SWIFT_COMPILATION_MODE = wholemodule;
				SWIFT_OPTIMIZATION_LEVEL = "-O";
				VALIDATE_PRODUCT = YES;
			};
			name = Release;
		};
		60D67D8A2ACD9B6100EA7082 /* Debug */ = {
			isa = XCBuildConfiguration;
			buildSettings = {
				ASSETCATALOG_COMPILER_APPICON_NAME = AppIcon;
				ASSETCATALOG_COMPILER_GLOBAL_ACCENT_COLOR_NAME = AccentColor;
				CODE_SIGN_STYLE = Automatic;
				CURRENT_PROJECT_VERSION = 1;
				DEVELOPMENT_ASSET_PATHS = "\"XChange/Preview Content\"";
				DEVELOPMENT_TEAM = 3FR2BK69D8;
				ENABLE_PREVIEWS = YES;
				GENERATE_INFOPLIST_FILE = YES;
				INFOPLIST_FILE = XChange/Info.plist;
				INFOPLIST_KEY_UIApplicationSceneManifest_Generation = YES;
				INFOPLIST_KEY_UIApplicationSupportsIndirectInputEvents = YES;
				INFOPLIST_KEY_UILaunchScreen_Generation = YES;
				INFOPLIST_KEY_UISupportedInterfaceOrientations = UIInterfaceOrientationPortrait;
				INFOPLIST_KEY_UISupportedInterfaceOrientations_iPad = "UIInterfaceOrientationLandscapeLeft UIInterfaceOrientationLandscapeRight UIInterfaceOrientationPortrait UIInterfaceOrientationPortraitUpsideDown";
				IPHONEOS_DEPLOYMENT_TARGET = 14.0;
				LD_RUNPATH_SEARCH_PATHS = (
					"$(inherited)",
					"@executable_path/Frameworks",
				);
				MARKETING_VERSION = 1.0;
				PRODUCT_BUNDLE_IDENTIFIER = aldovernando.XChange;
				PRODUCT_NAME = "$(TARGET_NAME)";
				SUPPORTED_PLATFORMS = "iphoneos iphonesimulator";
				SUPPORTS_MACCATALYST = NO;
				SUPPORTS_MAC_DESIGNED_FOR_IPHONE_IPAD = NO;
				SWIFT_EMIT_LOC_STRINGS = YES;
				SWIFT_VERSION = 5.0;
				TARGETED_DEVICE_FAMILY = 1;
			};
			name = Debug;
		};
		60D67D8B2ACD9B6100EA7082 /* Release */ = {
			isa = XCBuildConfiguration;
			buildSettings = {
				ASSETCATALOG_COMPILER_APPICON_NAME = AppIcon;
				ASSETCATALOG_COMPILER_GLOBAL_ACCENT_COLOR_NAME = AccentColor;
				CODE_SIGN_STYLE = Automatic;
				CURRENT_PROJECT_VERSION = 1;
				DEVELOPMENT_ASSET_PATHS = "\"XChange/Preview Content\"";
				DEVELOPMENT_TEAM = 3FR2BK69D8;
				ENABLE_PREVIEWS = YES;
				GENERATE_INFOPLIST_FILE = YES;
				INFOPLIST_FILE = XChange/Info.plist;
				INFOPLIST_KEY_UIApplicationSceneManifest_Generation = YES;
				INFOPLIST_KEY_UIApplicationSupportsIndirectInputEvents = YES;
				INFOPLIST_KEY_UILaunchScreen_Generation = YES;
				INFOPLIST_KEY_UISupportedInterfaceOrientations = UIInterfaceOrientationPortrait;
				INFOPLIST_KEY_UISupportedInterfaceOrientations_iPad = "UIInterfaceOrientationLandscapeLeft UIInterfaceOrientationLandscapeRight UIInterfaceOrientationPortrait UIInterfaceOrientationPortraitUpsideDown";
				IPHONEOS_DEPLOYMENT_TARGET = 14.0;
				LD_RUNPATH_SEARCH_PATHS = (
					"$(inherited)",
					"@executable_path/Frameworks",
				);
				MARKETING_VERSION = 1.0;
				PRODUCT_BUNDLE_IDENTIFIER = aldovernando.XChange;
				PRODUCT_NAME = "$(TARGET_NAME)";
				SUPPORTED_PLATFORMS = "iphoneos iphonesimulator";
				SUPPORTS_MACCATALYST = NO;
				SUPPORTS_MAC_DESIGNED_FOR_IPHONE_IPAD = NO;
				SWIFT_EMIT_LOC_STRINGS = YES;
				SWIFT_VERSION = 5.0;
				TARGETED_DEVICE_FAMILY = 1;
			};
			name = Release;
		};
		60D67D8D2ACD9B6100EA7082 /* Debug */ = {
			isa = XCBuildConfiguration;
			buildSettings = {
				ALWAYS_EMBED_SWIFT_STANDARD_LIBRARIES = YES;
				BUNDLE_LOADER = "$(TEST_HOST)";
				CODE_SIGN_STYLE = Automatic;
				CURRENT_PROJECT_VERSION = 1;
				DEVELOPMENT_TEAM = 3FR2BK69D8;
				GENERATE_INFOPLIST_FILE = YES;
				IPHONEOS_DEPLOYMENT_TARGET = 16.1;
				MARKETING_VERSION = 1.0;
				PRODUCT_BUNDLE_IDENTIFIER = aldovernando.XChangeTests;
				PRODUCT_NAME = "$(TARGET_NAME)";
				SWIFT_EMIT_LOC_STRINGS = NO;
				SWIFT_VERSION = 5.0;
				TARGETED_DEVICE_FAMILY = "1,2";
				TEST_HOST = "$(BUILT_PRODUCTS_DIR)/XChange.app/$(BUNDLE_EXECUTABLE_FOLDER_PATH)/XChange";
			};
			name = Debug;
		};
		60D67D8E2ACD9B6100EA7082 /* Release */ = {
			isa = XCBuildConfiguration;
			buildSettings = {
				ALWAYS_EMBED_SWIFT_STANDARD_LIBRARIES = YES;
				BUNDLE_LOADER = "$(TEST_HOST)";
				CODE_SIGN_STYLE = Automatic;
				CURRENT_PROJECT_VERSION = 1;
				DEVELOPMENT_TEAM = 3FR2BK69D8;
				GENERATE_INFOPLIST_FILE = YES;
				IPHONEOS_DEPLOYMENT_TARGET = 16.1;
				MARKETING_VERSION = 1.0;
				PRODUCT_BUNDLE_IDENTIFIER = aldovernando.XChangeTests;
				PRODUCT_NAME = "$(TARGET_NAME)";
				SWIFT_EMIT_LOC_STRINGS = NO;
				SWIFT_VERSION = 5.0;
				TARGETED_DEVICE_FAMILY = "1,2";
				TEST_HOST = "$(BUILT_PRODUCTS_DIR)/XChange.app/$(BUNDLE_EXECUTABLE_FOLDER_PATH)/XChange";
			};
			name = Release;
		};
		60D67D902ACD9B6100EA7082 /* Debug */ = {
			isa = XCBuildConfiguration;
			buildSettings = {
				ALWAYS_EMBED_SWIFT_STANDARD_LIBRARIES = YES;
				CODE_SIGN_STYLE = Automatic;
				CURRENT_PROJECT_VERSION = 1;
				DEVELOPMENT_TEAM = 3FR2BK69D8;
				GENERATE_INFOPLIST_FILE = YES;
				MARKETING_VERSION = 1.0;
				PRODUCT_BUNDLE_IDENTIFIER = aldovernando.XChangeUITests;
				PRODUCT_NAME = "$(TARGET_NAME)";
				SWIFT_EMIT_LOC_STRINGS = NO;
				SWIFT_VERSION = 5.0;
				TARGETED_DEVICE_FAMILY = "1,2";
				TEST_TARGET_NAME = XChange;
			};
			name = Debug;
		};
		60D67D912ACD9B6100EA7082 /* Release */ = {
			isa = XCBuildConfiguration;
			buildSettings = {
				ALWAYS_EMBED_SWIFT_STANDARD_LIBRARIES = YES;
				CODE_SIGN_STYLE = Automatic;
				CURRENT_PROJECT_VERSION = 1;
				DEVELOPMENT_TEAM = 3FR2BK69D8;
				GENERATE_INFOPLIST_FILE = YES;
				MARKETING_VERSION = 1.0;
				PRODUCT_BUNDLE_IDENTIFIER = aldovernando.XChangeUITests;
				PRODUCT_NAME = "$(TARGET_NAME)";
				SWIFT_EMIT_LOC_STRINGS = NO;
				SWIFT_VERSION = 5.0;
				TARGETED_DEVICE_FAMILY = "1,2";
				TEST_TARGET_NAME = XChange;
			};
			name = Release;
		};
/* End XCBuildConfiguration section */

/* Begin XCConfigurationList section */
		60D67D5B2ACD9B5F00EA7082 /* Build configuration list for PBXProject "XChange" */ = {
			isa = XCConfigurationList;
			buildConfigurations = (
				60D67D872ACD9B6100EA7082 /* Debug */,
				60D67D882ACD9B6100EA7082 /* Release */,
			);
			defaultConfigurationIsVisible = 0;
			defaultConfigurationName = Release;
		};
		60D67D892ACD9B6100EA7082 /* Build configuration list for PBXNativeTarget "XChange" */ = {
			isa = XCConfigurationList;
			buildConfigurations = (
				60D67D8A2ACD9B6100EA7082 /* Debug */,
				60D67D8B2ACD9B6100EA7082 /* Release */,
			);
			defaultConfigurationIsVisible = 0;
			defaultConfigurationName = Release;
		};
		60D67D8C2ACD9B6100EA7082 /* Build configuration list for PBXNativeTarget "XChangeTests" */ = {
			isa = XCConfigurationList;
			buildConfigurations = (
				60D67D8D2ACD9B6100EA7082 /* Debug */,
				60D67D8E2ACD9B6100EA7082 /* Release */,
			);
			defaultConfigurationIsVisible = 0;
			defaultConfigurationName = Release;
		};
		60D67D8F2ACD9B6100EA7082 /* Build configuration list for PBXNativeTarget "XChangeUITests" */ = {
			isa = XCConfigurationList;
			buildConfigurations = (
				60D67D902ACD9B6100EA7082 /* Debug */,
				60D67D912ACD9B6100EA7082 /* Release */,
			);
			defaultConfigurationIsVisible = 0;
			defaultConfigurationName = Release;
		};
/* End XCConfigurationList section */

/* Begin XCVersionGroup section */
		60D67D6E2ACD9B6100EA7082 /* XChange.xcdatamodeld */ = {
			isa = XCVersionGroup;
			children = (
				60D67D6F2ACD9B6100EA7082 /* XChange.xcdatamodel */,
			);
			currentVersion = 60D67D6F2ACD9B6100EA7082 /* XChange.xcdatamodel */;
			path = XChange.xcdatamodeld;
			sourceTree = "<group>";
			versionGroupType = wrapper.xcdatamodel;
		};
/* End XCVersionGroup section */
	};
	rootObject = 60D67D582ACD9B5F00EA7082 /* Project object */;
}
